
Microsoft Visual Studio Solution File, Format Version 12.00
# Visual Studio Version 17
VisualStudioVersion = 17.3.32929.385
MinimumVisualStudioVersion = 10.0.40219.1
Project("{FAE04EC0-301F-11D3-BF4B-00C04F79EFBC}") = "SL Maker v2.0", "WindowsFormsApp1\SL Maker v2.0.csproj", "{66545E74-D960-4E6E-A454-751BE2B0DA27}"
EndProject
Global
	GlobalSection(SolutionConfigurationPlatforms) = preSolution
		Debug|Any CPU = Debug|Any CPU
		Release|Any CPU = Release|Any CPU
	EndGlobalSection
	GlobalSection(ProjectConfigurationPlatforms) = postSolution
		{66545E74-D960-4E6E-A454-751BE2B0DA27}.Debug|Any CPU.ActiveCfg = Debug|Any CPU
		{66545E74-D960-4E6E-A454-751BE2B0DA27}.Debug|Any CPU.Build.0 = Debug|Any CPU
		{66545E74-D960-4E6E-A454-751BE2B0DA27}.Release|Any CPU.ActiveCfg = Release|Any CPU
		{66545E74-D960-4E6E-A454-751BE2B0DA27}.Release|Any CPU.Build.0 = Release|Any CPU
	EndGlobalSection
	GlobalSection(SolutionProperties) = preSolution
		HideSolutionNode = FALSE
	EndGlobalSection
	GlobalSection(ExtensibilityGlobals) = postSolution
		SolutionGuid = {ED26FEF5-006B-4309-B8E4-0050FAE10A80}
	EndGlobalSection
EndGlobal
